Microsoft Visual Studio Solution File, Format Version 12.00
# Visual Studio 2012
Project("{FAE04EC0-301F-11D3-BF4B-00C04F79EFBC}") = "Ewd", "Ewd.csproj", "{9490E3B5-40C3-4399-9657-AC9D8B31A51C}"
EndProject
Global
	GlobalSection(SolutionConfigurationPlatforms) = preSolution
	Debug|Any CPU = Debug|Any CPU
	ExportDebug|Any CPU = ExportDebug|Any CPU
	ExportRelease|Any CPU = ExportRelease|Any CPU
	EndGlobalSection
	GlobalSection(ProjectConfigurationPlatforms) = postSolution
		{9490E3B5-40C3-4399-9657-AC9D8B31A51C}.Debug|Any CPU.ActiveCfg = Debug|Any CPU
		{9490E3B5-40C3-4399-9657-AC9D8B31A51C}.Debug|Any CPU.Build.0 = Debug|Any CPU
		{9490E3B5-40C3-4399-9657-AC9D8B31A51C}.ExportDebug|Any CPU.ActiveCfg = ExportDebug|Any CPU
		{9490E3B5-40C3-4399-9657-AC9D8B31A51C}.ExportDebug|Any CPU.Build.0 = ExportDebug|Any CPU
		{9490E3B5-40C3-4399-9657-AC9D8B31A51C}.ExportRelease|Any CPU.ActiveCfg = ExportRelease|Any CPU
		{9490E3B5-40C3-4399-9657-AC9D8B31A51C}.ExportRelease|Any CPU.Build.0 = ExportRelease|Any CPU
	EndGlobalSection
EndGlobal
